
Microsoft Visual Studio Solution File, Format Version 12.00
# Visual Studio 14
VisualStudioVersion = 14.0.23107.0
MinimumVisualStudioVersion = 10.0.40219.1
Project("{FAE04EC0-301F-11D3-BF4B-00C04F79EFBC}") = "GestorAlumnos", "GestorAlumnos\GestorAlumnos.csproj", "{076BC8B5-7A70-47BA-A43F-69E6858C64CD}"
EndProject
Project("{FAE04EC0-301F-11D3-BF4B-00C04F79EFBC}") = "GestorVehiculo", "GestorVehiculo\GestorVehiculo.csproj", "{5EAE7D88-B98F-4179-9F87-FF1969092AC8}"
EndProject
Global
	GlobalSection(SolutionConfigurationPlatforms) = preSolution
		Debug|Any CPU = Debug|Any CPU
		Release|Any CPU = Release|Any CPU
	EndGlobalSection
	GlobalSection(ProjectConfigurationPlatforms) = postSolution
		{076BC8B5-7A70-47BA-A43F-69E6858C64CD}.Debug|Any CPU.ActiveCfg = Debug|Any CPU
		{076BC8B5-7A70-47BA-A43F-69E6858C64CD}.Debug|Any CPU.Build.0 = Debug|Any CPU
		{076BC8B5-7A70-47BA-A43F-69E6858C64CD}.Release|Any CPU.ActiveCfg = Release|Any CPU
		{076BC8B5-7A70-47BA-A43F-69E6858C64CD}.Release|Any CPU.Build.0 = Release|Any CPU
		{5EAE7D88-B98F-4179-9F87-FF1969092AC8}.Debug|Any CPU.ActiveCfg = Debug|Any CPU
		{5EAE7D88-B98F-4179-9F87-FF1969092AC8}.Debug|Any CPU.Build.0 = Debug|Any CPU
		{5EAE7D88-B98F-4179-9F87-FF1969092AC8}.Release|Any CPU.ActiveCfg = Release|Any CPU
		{5EAE7D88-B98F-4179-9F87-FF1969092AC8}.Release|Any CPU.Build.0 = Release|Any CPU
	EndGlobalSection
	GlobalSection(SolutionProperties) = preSolution
		HideSolutionNode = FALSE
	EndGlobalSection
EndGlobal
